
Microsoft Visual Studio Solution File, Format Version 12.00
# Visual Studio 2013
VisualStudioVersion = 12.0.30501.0
MinimumVisualStudioVersion = 10.0.40219.1
Project("{FAE04EC0-301F-11D3-BF4B-00C04F79EFBC}") = "SimpleServer", "SimpleServer\SimpleServer.csproj", "{D54BA6FC-17CA-407D-929B-23D1811B6345}"
EndProject
Project("{FAE04EC0-301F-11D3-BF4B-00C04F79EFBC}") = "SimpleCommon", "SimpleCommon\SimpleCommon.csproj", "{CE8C553A-CCB5-4A55-ACA2-A289131BF32E}"
EndProject
Project("{FAE04EC0-301F-11D3-BF4B-00C04F79EFBC}") = "SpaceProjectOne.Photon", "..\SpaceProjectOne.Photon\SpaceProjectOne.Photon.csproj", "{5644D25A-9B82-4619-8EF8-6357E19DC89D}"
EndProject
Project("{FAE04EC0-301F-11D3-BF4B-00C04F79EFBC}") = "SpaceProjectOne.Framework", "..\SpaceProjectOne.Framework\SpaceProjectOne.Framework.csproj", "{88BE3723-32DD-4A54-BA58-B676B43886CF}"
EndProject
Global
	GlobalSection(SolutionConfigurationPlatforms) = preSolution
		Debug|Any CPU = Debug|Any CPU
		Release|Any CPU = Release|Any CPU
	EndGlobalSection
	GlobalSection(ProjectConfigurationPlatforms) = postSolution
		{D54BA6FC-17CA-407D-929B-23D1811B6345}.Debug|Any CPU.ActiveCfg = Debug|Any CPU
		{D54BA6FC-17CA-407D-929B-23D1811B6345}.Debug|Any CPU.Build.0 = Debug|Any CPU
		{D54BA6FC-17CA-407D-929B-23D1811B6345}.Release|Any CPU.ActiveCfg = Release|Any CPU
		{D54BA6FC-17CA-407D-929B-23D1811B6345}.Release|Any CPU.Build.0 = Release|Any CPU
		{CE8C553A-CCB5-4A55-ACA2-A289131BF32E}.Debug|Any CPU.ActiveCfg = Debug|Any CPU
		{CE8C553A-CCB5-4A55-ACA2-A289131BF32E}.Debug|Any CPU.Build.0 = Debug|Any CPU
		{CE8C553A-CCB5-4A55-ACA2-A289131BF32E}.Release|Any CPU.ActiveCfg = Release|Any CPU
		{CE8C553A-CCB5-4A55-ACA2-A289131BF32E}.Release|Any CPU.Build.0 = Release|Any CPU
		{5644D25A-9B82-4619-8EF8-6357E19DC89D}.Debug|Any CPU.ActiveCfg = Debug|Any CPU
		{5644D25A-9B82-4619-8EF8-6357E19DC89D}.Debug|Any CPU.Build.0 = Debug|Any CPU
		{5644D25A-9B82-4619-8EF8-6357E19DC89D}.Release|Any CPU.ActiveCfg = Release|Any CPU
		{5644D25A-9B82-4619-8EF8-6357E19DC89D}.Release|Any CPU.Build.0 = Release|Any CPU
		{88BE3723-32DD-4A54-BA58-B676B43886CF}.Debug|Any CPU.ActiveCfg = Debug|Any CPU
		{88BE3723-32DD-4A54-BA58-B676B43886CF}.Debug|Any CPU.Build.0 = Debug|Any CPU
		{88BE3723-32DD-4A54-BA58-B676B43886CF}.Release|Any CPU.ActiveCfg = Release|Any CPU
		{88BE3723-32DD-4A54-BA58-B676B43886CF}.Release|Any CPU.Build.0 = Release|Any CPU
	EndGlobalSection
	GlobalSection(SolutionProperties) = preSolution
		HideSolutionNode = FALSE
	EndGlobalSection
EndGlobal
